
Microsoft Visual Studio Solution File, Format Version 12.00
# Visual Studio 15
VisualStudioVersion = 15.0.28307.421
MinimumVisualStudioVersion = 10.0.40219.1
Project("{888888A0-9F3D-457C-B088-3A5042F75D52}") = "face", "face.pyproj", "{F379F859-23E3-47A3-BA10-549A15A15134}"
EndProject
Global
	GlobalSection(SolutionConfigurationPlatforms) = preSolution
		Debug|Any CPU = Debug|Any CPU
		Release|Any CPU = Release|Any CPU
	EndGlobalSection
	GlobalSection(ProjectConfigurationPlatforms) = postSolution
		{F379F859-23E3-47A3-BA10-549A15A15134}.Debug|Any CPU.ActiveCfg = Debug|Any CPU
		{F379F859-23E3-47A3-BA10-549A15A15134}.Release|Any CPU.ActiveCfg = Release|Any CPU
	EndGlobalSection
	GlobalSection(SolutionProperties) = preSolution
		HideSolutionNode = FALSE
	EndGlobalSection
	GlobalSection(ExtensibilityGlobals) = postSolution
		SolutionGuid = {F49FC04E-5865-421C-9378-FF50E7E39E9F}
	EndGlobalSection
EndGlobal
